
Microsoft Visual Studio Solution File, Format Version 12.00
# Visual Studio Version 16
VisualStudioVersion = 16.0.30907.101
MinimumVisualStudioVersion = 10.0.40219.1
Project("{8BC9CEB8-8B4A-11D0-8D11-00A0C91BC942}") = "cubes", "cubes.vcxproj", "{CE920372-17A7-4E5B-B858-03AA885DDBA9}"
	ProjectSection(ProjectDependencies) = postProject
		{887BA000-5E91-442C-900A-D1F5EC3B435A} = {887BA000-5E91-442C-900A-D1F5EC3B435A}
		{30A5AE00-7AC5-4667-8584-BF297385FA93} = {30A5AE00-7AC5-4667-8584-BF297385FA93}
		{02756409-0BC4-4F9B-AC9C-25E6A33B8592} = {02756409-0BC4-4F9B-AC9C-25E6A33B8592}
		{579C841A-0E45-409A-B443-AAF0C11F05AD} = {579C841A-0E45-409A-B443-AAF0C11F05AD}
		{35AE4533-AEBE-4742-98D9-30F1272649AE} = {35AE4533-AEBE-4742-98D9-30F1272649AE}
		{1102EB46-6B14-42FB-A24E-A39E643763F4} = {1102EB46-6B14-42FB-A24E-A39E643763F4}
		{AE597C7B-BF6A-4293-99DB-79D8BF7A9451} = {AE597C7B-BF6A-4293-99DB-79D8BF7A9451}
		{90D3A788-052F-4F22-8D69-E756DBDFA577} = {90D3A788-052F-4F22-8D69-E756DBDFA577}
		{B1EA8D8B-77F1-4140-A59A-2D7D553CD2AD} = {B1EA8D8B-77F1-4140-A59A-2D7D553CD2AD}
		{68F711A2-1EC7-46ED-9563-C03F0231E036} = {68F711A2-1EC7-46ED-9563-C03F0231E036}
	EndProjectSection
EndProject
Project("{8BC9CEB8-8B4A-11D0-8D11-00A0C91BC942}") = "direct3d11", "..\..\library\quetzal\direct3d11\direct3d11.vcxproj", "{887BA000-5E91-442C-900A-D1F5EC3B435A}"
	ProjectSection(ProjectDependencies) = postProject
		{02756409-0BC4-4F9B-AC9C-25E6A33B8592} = {02756409-0BC4-4F9B-AC9C-25E6A33B8592}
		{579C841A-0E45-409A-B443-AAF0C11F05AD} = {579C841A-0E45-409A-B443-AAF0C11F05AD}
		{90D3A788-052F-4F22-8D69-E756DBDFA577} = {90D3A788-052F-4F22-8D69-E756DBDFA577}
	EndProjectSection
EndProject
Project("{8BC9CEB8-8B4A-11D0-8D11-00A0C91BC942}") = "input", "..\..\library\quetzal\input\input.vcxproj", "{68F711A2-1EC7-46ED-9563-C03F0231E036}"
	ProjectSection(ProjectDependencies) = postProject
		{02756409-0BC4-4F9B-AC9C-25E6A33B8592} = {02756409-0BC4-4F9B-AC9C-25E6A33B8592}
	EndProjectSection
EndProject
Project("{8BC9CEB8-8B4A-11D0-8D11-00A0C91BC942}") = "framework", "..\..\library\quetzal\framework\framework.vcxproj", "{B1EA8D8B-77F1-4140-A59A-2D7D553CD2AD}"
	ProjectSection(ProjectDependencies) = postProject
		{02756409-0BC4-4F9B-AC9C-25E6A33B8592} = {02756409-0BC4-4F9B-AC9C-25E6A33B8592}
		{68F711A2-1EC7-46ED-9563-C03F0231E036} = {68F711A2-1EC7-46ED-9563-C03F0231E036}
	EndProjectSection
EndProject
Project("{8BC9CEB8-8B4A-11D0-8D11-00A0C91BC942}") = "common", "..\..\library\quetzal\common\common.vcxproj", "{02756409-0BC4-4F9B-AC9C-25E6A33B8592}"
EndProject
Project("{8BC9CEB8-8B4A-11D0-8D11-00A0C91BC942}") = "model", "..\..\library\quetzal\model\model.vcxproj", "{90D3A788-052F-4F22-8D69-E756DBDFA577}"
	ProjectSection(ProjectDependencies) = postProject
		{02756409-0BC4-4F9B-AC9C-25E6A33B8592} = {02756409-0BC4-4F9B-AC9C-25E6A33B8592}
		{579C841A-0E45-409A-B443-AAF0C11F05AD} = {579C841A-0E45-409A-B443-AAF0C11F05AD}
		{AE597C7B-BF6A-4293-99DB-79D8BF7A9451} = {AE597C7B-BF6A-4293-99DB-79D8BF7A9451}
	EndProjectSection
EndProject
Project("{8BC9CEB8-8B4A-11D0-8D11-00A0C91BC942}") = "geometry", "..\..\library\quetzal\geometry\geometry.vcxproj", "{579C841A-0E45-409A-B443-AAF0C11F05AD}"
	ProjectSection(ProjectDependencies) = postProject
		{02756409-0BC4-4F9B-AC9C-25E6A33B8592} = {02756409-0BC4-4F9B-AC9C-25E6A33B8592}
	EndProjectSection
EndProject
Project("{8BC9CEB8-8B4A-11D0-8D11-00A0C91BC942}") = "brep", "..\..\library\quetzal\brep\brep.vcxproj", "{AE597C7B-BF6A-4293-99DB-79D8BF7A9451}"
	ProjectSection(ProjectDependencies) = postProject
		{02756409-0BC4-4F9B-AC9C-25E6A33B8592} = {02756409-0BC4-4F9B-AC9C-25E6A33B8592}
		{579C841A-0E45-409A-B443-AAF0C11F05AD} = {579C841A-0E45-409A-B443-AAF0C11F05AD}
		{35AE4533-AEBE-4742-98D9-30F1272649AE} = {35AE4533-AEBE-4742-98D9-30F1272649AE}
	EndProjectSection
EndProject
Project("{8BC9CEB8-8B4A-11D0-8D11-00A0C91BC942}") = "math", "..\..\library\quetzal\math\math.vcxproj", "{35AE4533-AEBE-4742-98D9-30F1272649AE}"
EndProject
Project("{8BC9CEB8-8B4A-11D0-8D11-00A0C91BC942}") = "wavefront_obj", "..\..\library\quetzal\wavefront_obj\wavefront_obj.vcxproj", "{1102EB46-6B14-42FB-A24E-A39E643763F4}"
	ProjectSection(ProjectDependencies) = postProject
		{02756409-0BC4-4F9B-AC9C-25E6A33B8592} = {02756409-0BC4-4F9B-AC9C-25E6A33B8592}
		{35AE4533-AEBE-4742-98D9-30F1272649AE} = {35AE4533-AEBE-4742-98D9-30F1272649AE}
	EndProjectSection
EndProject
Project("{8BC9CEB8-8B4A-11D0-8D11-00A0C91BC942}") = "modx", "..\..\library\quetzal\modx\modx.vcxproj", "{30A5AE00-7AC5-4667-8584-BF297385FA93}"
	ProjectSection(ProjectDependencies) = postProject
		{887BA000-5E91-442C-900A-D1F5EC3B435A} = {887BA000-5E91-442C-900A-D1F5EC3B435A}
		{35AE4533-AEBE-4742-98D9-30F1272649AE} = {35AE4533-AEBE-4742-98D9-30F1272649AE}
		{AE597C7B-BF6A-4293-99DB-79D8BF7A9451} = {AE597C7B-BF6A-4293-99DB-79D8BF7A9451}
	EndProjectSection
EndProject
Global
	GlobalSection(SolutionConfigurationPlatforms) = preSolution
		Debug|Win32 = Debug|Win32
		Debug|x64 = Debug|x64
		Release DLL|Win32 = Release DLL|Win32
		Release DLL|x64 = Release DLL|x64
		Release|Win32 = Release|Win32
		Release|x64 = Release|x64
	EndGlobalSection
	GlobalSection(ProjectConfigurationPlatforms) = postSolution
		{CE920372-17A7-4E5B-B858-03AA885DDBA9}.Debug|Win32.ActiveCfg = Debug|Win32
		{CE920372-17A7-4E5B-B858-03AA885DDBA9}.Debug|Win32.Build.0 = Debug|Win32
		{CE920372-17A7-4E5B-B858-03AA885DDBA9}.Debug|x64.ActiveCfg = Debug|x64
		{CE920372-17A7-4E5B-B858-03AA885DDBA9}.Debug|x64.Build.0 = Debug|x64
		{CE920372-17A7-4E5B-B858-03AA885DDBA9}.Release DLL|Win32.ActiveCfg = Release|Win32
		{CE920372-17A7-4E5B-B858-03AA885DDBA9}.Release DLL|Win32.Build.0 = Release|Win32
		{CE920372-17A7-4E5B-B858-03AA885DDBA9}.Release DLL|x64.ActiveCfg = Release|x64
		{CE920372-17A7-4E5B-B858-03AA885DDBA9}.Release DLL|x64.Build.0 = Release|x64
		{CE920372-17A7-4E5B-B858-03AA885DDBA9}.Release|Win32.ActiveCfg = Release|Win32
		{CE920372-17A7-4E5B-B858-03AA885DDBA9}.Release|Win32.Build.0 = Release|Win32
		{CE920372-17A7-4E5B-B858-03AA885DDBA9}.Release|x64.ActiveCfg = Release|x64
		{CE920372-17A7-4E5B-B858-03AA885DDBA9}.Release|x64.Build.0 = Release|x64
		{887BA000-5E91-442C-900A-D1F5EC3B435A}.Debug|Win32.ActiveCfg = Debug|Win32
		{887BA000-5E91-442C-900A-D1F5EC3B435A}.Debug|Win32.Build.0 = Debug|Win32
		{887BA000-5E91-442C-900A-D1F5EC3B435A}.Debug|x64.ActiveCfg = Debug|x64
		{887BA000-5E91-442C-900A-D1F5EC3B435A}.Debug|x64.Build.0 = Debug|x64
		{887BA000-5E91-442C-900A-D1F5EC3B435A}.Release DLL|Win32.ActiveCfg = Release|Win32
		{887BA000-5E91-442C-900A-D1F5EC3B435A}.Release DLL|Win32.Build.0 = Release|Win32
		{887BA000-5E91-442C-900A-D1F5EC3B435A}.Release DLL|x64.ActiveCfg = Release|x64
		{887BA000-5E91-442C-900A-D1F5EC3B435A}.Release DLL|x64.Build.0 = Release|x64
		{887BA000-5E91-442C-900A-D1F5EC3B435A}.Release|Win32.ActiveCfg = Release|Win32
		{887BA000-5E91-442C-900A-D1F5EC3B435A}.Release|Win32.Build.0 = Release|Win32
		{887BA000-5E91-442C-900A-D1F5EC3B435A}.Release|x64.ActiveCfg = Release|x64
		{887BA000-5E91-442C-900A-D1F5EC3B435A}.Release|x64.Build.0 = Release|x64
		{68F711A2-1EC7-46ED-9563-C03F0231E036}.Debug|Win32.ActiveCfg = Debug|Win32
		{68F711A2-1EC7-46ED-9563-C03F0231E036}.Debug|Win32.Build.0 = Debug|Win32
		{68F711A2-1EC7-46ED-9563-C03F0231E036}.Debug|x64.ActiveCfg = Debug|x64
		{68F711A2-1EC7-46ED-9563-C03F0231E036}.Debug|x64.Build.0 = Debug|x64
		{68F711A2-1EC7-46ED-9563-C03F0231E036}.Release DLL|Win32.ActiveCfg = Release|Win32
		{68F711A2-1EC7-46ED-9563-C03F0231E036}.Release DLL|Win32.Build.0 = Release|Win32
		{68F711A2-1EC7-46ED-9563-C03F0231E036}.Release DLL|x64.ActiveCfg = Release|x64
		{68F711A2-1EC7-46ED-9563-C03F0231E036}.Release DLL|x64.Build.0 = Release|x64
		{68F711A2-1EC7-46ED-9563-C03F0231E036}.Release|Win32.ActiveCfg = Release|Win32
		{68F711A2-1EC7-46ED-9563-C03F0231E036}.Release|Win32.Build.0 = Release|Win32
		{68F711A2-1EC7-46ED-9563-C03F0231E036}.Release|x64.ActiveCfg = Release|x64
		{68F711A2-1EC7-46ED-9563-C03F0231E036}.Release|x64.Build.0 = Release|x64
		{B1EA8D8B-77F1-4140-A59A-2D7D553CD2AD}.Debug|Win32.ActiveCfg = Debug|Win32
		{B1EA8D8B-77F1-4140-A59A-2D7D553CD2AD}.Debug|Win32.Build.0 = Debug|Win32
		{B1EA8D8B-77F1-4140-A59A-2D7D553CD2AD}.Debug|x64.ActiveCfg = Debug|x64
		{B1EA8D8B-77F1-4140-A59A-2D7D553CD2AD}.Debug|x64.Build.0 = Debug|x64
		{B1EA8D8B-77F1-4140-A59A-2D7D553CD2AD}.Release DLL|Win32.ActiveCfg = Release|Win32
		{B1EA8D8B-77F1-4140-A59A-2D7D553CD2AD}.Release DLL|Win32.Build.0 = Release|Win32
		{B1EA8D8B-77F1-4140-A59A-2D7D553CD2AD}.Release DLL|x64.ActiveCfg = Release|x64
		{B1EA8D8B-77F1-4140-A59A-2D7D553CD2AD}.Release DLL|x64.Build.0 = Release|x64
		{B1EA8D8B-77F1-4140-A59A-2D7D553CD2AD}.Release|Win32.ActiveCfg = Release|Win32
		{B1EA8D8B-77F1-4140-A59A-2D7D553CD2AD}.Release|Win32.Build.0 = Release|Win32
		{B1EA8D8B-77F1-4140-A59A-2D7D553CD2AD}.Release|x64.ActiveCfg = Release|x64
		{B1EA8D8B-77F1-4140-A59A-2D7D553CD2AD}.Release|x64.Build.0 = Release|x64
		{02756409-0BC4-4F9B-AC9C-25E6A33B8592}.Debug|Win32.ActiveCfg = Debug|Win32
		{02756409-0BC4-4F9B-AC9C-25E6A33B8592}.Debug|Win32.Build.0 = Debug|Win32
		{02756409-0BC4-4F9B-AC9C-25E6A33B8592}.Debug|x64.ActiveCfg = Debug|x64
		{02756409-0BC4-4F9B-AC9C-25E6A33B8592}.Debug|x64.Build.0 = Debug|x64
		{02756409-0BC4-4F9B-AC9C-25E6A33B8592}.Release DLL|Win32.ActiveCfg = Release DLL|Win32
		{02756409-0BC4-4F9B-AC9C-25E6A33B8592}.Release DLL|Win32.Build.0 = Release DLL|Win32
		{02756409-0BC4-4F9B-AC9C-25E6A33B8592}.Release DLL|x64.ActiveCfg = Release DLL|x64
		{02756409-0BC4-4F9B-AC9C-25E6A33B8592}.Release DLL|x64.Build.0 = Release DLL|x64
		{02756409-0BC4-4F9B-AC9C-25E6A33B8592}.Release|Win32.ActiveCfg = Release|Win32
		{02756409-0BC4-4F9B-AC9C-25E6A33B8592}.Release|Win32.Build.0 = Release|Win32
		{02756409-0BC4-4F9B-AC9C-25E6A33B8592}.Release|x64.ActiveCfg = Release|x64
		{02756409-0BC4-4F9B-AC9C-25E6A33B8592}.Release|x64.Build.0 = Release|x64
		{90D3A788-052F-4F22-8D69-E756DBDFA577}.Debug|Win32.ActiveCfg = Debug|Win32
		{90D3A788-052F-4F22-8D69-E756DBDFA577}.Debug|Win32.Build.0 = Debug|Win32
		{90D3A788-052F-4F22-8D69-E756DBDFA577}.Debug|x64.ActiveCfg = Debug|x64
		{90D3A788-052F-4F22-8D69-E756DBDFA577}.Debug|x64.Build.0 = Debug|x64
		{90D3A788-052F-4F22-8D69-E756DBDFA577}.Release DLL|Win32.ActiveCfg = Release|Win32
		{90D3A788-052F-4F22-8D69-E756DBDFA577}.Release DLL|Win32.Build.0 = Release|Win32
		{90D3A788-052F-4F22-8D69-E756DBDFA577}.Release DLL|x64.ActiveCfg = Release|x64
		{90D3A788-052F-4F22-8D69-E756DBDFA577}.Release DLL|x64.Build.0 = Release|x64
		{90D3A788-052F-4F22-8D69-E756DBDFA577}.Release|Win32.ActiveCfg = Release|Win32
		{90D3A788-052F-4F22-8D69-E756DBDFA577}.Release|Win32.Build.0 = Release|Win32
		{90D3A788-052F-4F22-8D69-E756DBDFA577}.Release|x64.ActiveCfg = Release|x64
		{90D3A788-052F-4F22-8D69-E756DBDFA577}.Release|x64.Build.0 = Release|x64
		{579C841A-0E45-409A-B443-AAF0C11F05AD}.Debug|Win32.ActiveCfg = Debug|Win32
		{579C841A-0E45-409A-B443-AAF0C11F05AD}.Debug|Win32.Build.0 = Debug|Win32
		{579C841A-0E45-409A-B443-AAF0C11F05AD}.Debug|x64.ActiveCfg = Debug|x64
		{579C841A-0E45-409A-B443-AAF0C11F05AD}.Debug|x64.Build.0 = Debug|x64
		{579C841A-0E45-409A-B443-AAF0C11F05AD}.Release DLL|Win32.ActiveCfg = Release|Win32
		{579C841A-0E45-409A-B443-AAF0C11F05AD}.Release DLL|Win32.Build.0 = Release|Win32
		{579C841A-0E45-409A-B443-AAF0C11F05AD}.Release DLL|x64.ActiveCfg = Release|x64
		{579C841A-0E45-409A-B443-AAF0C11F05AD}.Release DLL|x64.Build.0 = Release|x64
		{579C841A-0E45-409A-B443-AAF0C11F05AD}.Release|Win32.ActiveCfg = Release|Win32
		{579C841A-0E45-409A-B443-AAF0C11F05AD}.Release|Win32.Build.0 = Release|Win32
		{579C841A-0E45-409A-B443-AAF0C11F05AD}.Release|x64.ActiveCfg = Release|x64
		{579C841A-0E45-409A-B443-AAF0C11F05AD}.Release|x64.Build.0 = Release|x64
		{AE597C7B-BF6A-4293-99DB-79D8BF7A9451}.Debug|Win32.ActiveCfg = Debug|Win32
		{AE597C7B-BF6A-4293-99DB-79D8BF7A9451}.Debug|Win32.Build.0 = Debug|Win32
		{AE597C7B-BF6A-4293-99DB-79D8BF7A9451}.Debug|x64.ActiveCfg = Debug|x64
		{AE597C7B-BF6A-4293-99DB-79D8BF7A9451}.Debug|x64.Build.0 = Debug|x64
		{AE597C7B-BF6A-4293-99DB-79D8BF7A9451}.Release DLL|Win32.ActiveCfg = Release|Win32
		{AE597C7B-BF6A-4293-99DB-79D8BF7A9451}.Release DLL|Win32.Build.0 = Release|Win32
		{AE597C7B-BF6A-4293-99DB-79D8BF7A9451}.Release DLL|x64.ActiveCfg = Release|x64
		{AE597C7B-BF6A-4293-99DB-79D8BF7A9451}.Release DLL|x64.Build.0 = Release|x64
		{AE597C7B-BF6A-4293-99DB-79D8BF7A9451}.Release|Win32.ActiveCfg = Release|Win32
		{AE597C7B-BF6A-4293-99DB-79D8BF7A9451}.Release|Win32.Build.0 = Release|Win32
		{AE597C7B-BF6A-4293-99DB-79D8BF7A9451}.Release|x64.ActiveCfg = Release|x64
		{AE597C7B-BF6A-4293-99DB-79D8BF7A9451}.Release|x64.Build.0 = Release|x64
		{35AE4533-AEBE-4742-98D9-30F1272649AE}.Debug|Win32.ActiveCfg = Debug|Win32
		{35AE4533-AEBE-4742-98D9-30F1272649AE}.Debug|Win32.Build.0 = Debug|Win32
		{35AE4533-AEBE-4742-98D9-30F1272649AE}.Debug|x64.ActiveCfg = Debug|x64
		{35AE4533-AEBE-4742-98D9-30F1272649AE}.Debug|x64.Build.0 = Debug|x64
		{35AE4533-AEBE-4742-98D9-30F1272649AE}.Release DLL|Win32.ActiveCfg = Release DLL|Win32
		{35AE4533-AEBE-4742-98D9-30F1272649AE}.Release DLL|Win32.Build.0 = Release DLL|Win32
		{35AE4533-AEBE-4742-98D9-30F1272649AE}.Release DLL|x64.ActiveCfg = Release DLL|x64
		{35AE4533-AEBE-4742-98D9-30F1272649AE}.Release DLL|x64.Build.0 = Release DLL|x64
		{35AE4533-AEBE-4742-98D9-30F1272649AE}.Release|Win32.ActiveCfg = Release|Win32
		{35AE4533-AEBE-4742-98D9-30F1272649AE}.Release|Win32.Build.0 = Release|Win32
		{35AE4533-AEBE-4742-98D9-30F1272649AE}.Release|x64.ActiveCfg = Release|x64
		{35AE4533-AEBE-4742-98D9-30F1272649AE}.Release|x64.Build.0 = Release|x64
		{1102EB46-6B14-42FB-A24E-A39E643763F4}.Debug|Win32.ActiveCfg = Debug|Win32
		{1102EB46-6B14-42FB-A24E-A39E643763F4}.Debug|Win32.Build.0 = Debug|Win32
		{1102EB46-6B14-42FB-A24E-A39E643763F4}.Debug|x64.ActiveCfg = Debug|x64
		{1102EB46-6B14-42FB-A24E-A39E643763F4}.Debug|x64.Build.0 = Debug|x64
		{1102EB46-6B14-42FB-A24E-A39E643763F4}.Release DLL|Win32.ActiveCfg = Release|Win32
		{1102EB46-6B14-42FB-A24E-A39E643763F4}.Release DLL|Win32.Build.0 = Release|Win32
		{1102EB46-6B14-42FB-A24E-A39E643763F4}.Release DLL|x64.ActiveCfg = Release|x64
		{1102EB46-6B14-42FB-A24E-A39E643763F4}.Release DLL|x64.Build.0 = Release|x64
		{1102EB46-6B14-42FB-A24E-A39E643763F4}.Release|Win32.ActiveCfg = Release|Win32
		{1102EB46-6B14-42FB-A24E-A39E643763F4}.Release|Win32.Build.0 = Release|Win32
		{1102EB46-6B14-42FB-A24E-A39E643763F4}.Release|x64.ActiveCfg = Release|x64
		{1102EB46-6B14-42FB-A24E-A39E643763F4}.Release|x64.Build.0 = Release|x64
		{30A5AE00-7AC5-4667-8584-BF297385FA93}.Debug|Win32.ActiveCfg = Debug|Win32
		{30A5AE00-7AC5-4667-8584-BF297385FA93}.Debug|Win32.Build.0 = Debug|Win32
		{30A5AE00-7AC5-4667-8584-BF297385FA93}.Debug|x64.ActiveCfg = Debug|x64
		{30A5AE00-7AC5-4667-8584-BF297385FA93}.Debug|x64.Build.0 = Debug|x64
		{30A5AE00-7AC5-4667-8584-BF297385FA93}.Release DLL|Win32.ActiveCfg = Release|Win32
		{30A5AE00-7AC5-4667-8584-BF297385FA93}.Release DLL|Win32.Build.0 = Release|Win32
		{30A5AE00-7AC5-4667-8584-BF297385FA93}.Release DLL|x64.ActiveCfg = Release|x64
		{30A5AE00-7AC5-4667-8584-BF297385FA93}.Release DLL|x64.Build.0 = Release|x64
		{30A5AE00-7AC5-4667-8584-BF297385FA93}.Release|Win32.ActiveCfg = Release|Win32
		{30A5AE00-7AC5-4667-8584-BF297385FA93}.Release|Win32.Build.0 = Release|Win32
		{30A5AE00-7AC5-4667-8584-BF297385FA93}.Release|x64.ActiveCfg = Release|x64
		{30A5AE00-7AC5-4667-8584-BF297385FA93}.Release|x64.Build.0 = Release|x64
	EndGlobalSection
	GlobalSection(SolutionProperties) = preSolution
		HideSolutionNode = FALSE
	EndGlobalSection
	GlobalSection(ExtensibilityGlobals) = postSolution
		SolutionGuid = {62E7869E-E22F-470B-AE05-6BA977F7F163}
	EndGlobalSection
EndGlobal
