
Microsoft Visual Studio Solution File, Format Version 12.00
# Visual Studio Version 16
VisualStudioVersion = 16.0.29020.237
MinimumVisualStudioVersion = 10.0.40219.1
Project("{8BC9CEB8-8B4A-11D0-8D11-00A0C91BC942}") = "helix_cone_test", "helix_cone_test.vcxproj", "{E7EE3EBE-6E63-42EC-86EE-A5F233F6BC6D}"
	ProjectSection(ProjectDependencies) = postProject
		{02756409-0BC4-4F9B-AC9C-25E6A33B8592} = {02756409-0BC4-4F9B-AC9C-25E6A33B8592}
		{579C841A-0E45-409A-B443-AAF0C11F05AD} = {579C841A-0E45-409A-B443-AAF0C11F05AD}
		{35AE4533-AEBE-4742-98D9-30F1272649AE} = {35AE4533-AEBE-4742-98D9-30F1272649AE}
		{1102EB46-6B14-42FB-A24E-A39E643763F4} = {1102EB46-6B14-42FB-A24E-A39E643763F4}
		{AE597C7B-BF6A-4293-99DB-79D8BF7A9451} = {AE597C7B-BF6A-4293-99DB-79D8BF7A9451}
		{90D3A788-052F-4F22-8D69-E756DBDFA577} = {90D3A788-052F-4F22-8D69-E756DBDFA577}
		{39F6F1C4-D162-44FA-B4D8-0B2C489D7881} = {39F6F1C4-D162-44FA-B4D8-0B2C489D7881}
		{3A0E97DE-F090-451F-A1BE-92D44C95F9DA} = {3A0E97DE-F090-451F-A1BE-92D44C95F9DA}
		{070747E8-A464-4D3B-888E-E85D81675BB8} = {070747E8-A464-4D3B-888E-E85D81675BB8}
	EndProjectSection
EndProject
Project("{8BC9CEB8-8B4A-11D0-8D11-00A0C91BC942}") = "common", "..\..\library\quetzal\common\common.vcxproj", "{02756409-0BC4-4F9B-AC9C-25E6A33B8592}"
EndProject
Project("{8BC9CEB8-8B4A-11D0-8D11-00A0C91BC942}") = "model", "..\..\library\quetzal\model\model.vcxproj", "{90D3A788-052F-4F22-8D69-E756DBDFA577}"
	ProjectSection(ProjectDependencies) = postProject
		{02756409-0BC4-4F9B-AC9C-25E6A33B8592} = {02756409-0BC4-4F9B-AC9C-25E6A33B8592}
		{579C841A-0E45-409A-B443-AAF0C11F05AD} = {579C841A-0E45-409A-B443-AAF0C11F05AD}
		{35AE4533-AEBE-4742-98D9-30F1272649AE} = {35AE4533-AEBE-4742-98D9-30F1272649AE}
		{AE597C7B-BF6A-4293-99DB-79D8BF7A9451} = {AE597C7B-BF6A-4293-99DB-79D8BF7A9451}
	EndProjectSection
EndProject
Project("{8BC9CEB8-8B4A-11D0-8D11-00A0C91BC942}") = "brep", "..\..\library\quetzal\brep\brep.vcxproj", "{AE597C7B-BF6A-4293-99DB-79D8BF7A9451}"
	ProjectSection(ProjectDependencies) = postProject
		{02756409-0BC4-4F9B-AC9C-25E6A33B8592} = {02756409-0BC4-4F9B-AC9C-25E6A33B8592}
		{579C841A-0E45-409A-B443-AAF0C11F05AD} = {579C841A-0E45-409A-B443-AAF0C11F05AD}
		{35AE4533-AEBE-4742-98D9-30F1272649AE} = {35AE4533-AEBE-4742-98D9-30F1272649AE}
		{39F6F1C4-D162-44FA-B4D8-0B2C489D7881} = {39F6F1C4-D162-44FA-B4D8-0B2C489D7881}
		{070747E8-A464-4D3B-888E-E85D81675BB8} = {070747E8-A464-4D3B-888E-E85D81675BB8}
	EndProjectSection
EndProject
Project("{8BC9CEB8-8B4A-11D0-8D11-00A0C91BC942}") = "geometry", "..\..\library\quetzal\geometry\geometry.vcxproj", "{579C841A-0E45-409A-B443-AAF0C11F05AD}"
	ProjectSection(ProjectDependencies) = postProject
		{02756409-0BC4-4F9B-AC9C-25E6A33B8592} = {02756409-0BC4-4F9B-AC9C-25E6A33B8592}
		{35AE4533-AEBE-4742-98D9-30F1272649AE} = {35AE4533-AEBE-4742-98D9-30F1272649AE}
		{3A0E97DE-F090-451F-A1BE-92D44C95F9DA} = {3A0E97DE-F090-451F-A1BE-92D44C95F9DA}
	EndProjectSection
EndProject
Project("{8BC9CEB8-8B4A-11D0-8D11-00A0C91BC942}") = "math", "..\..\library\quetzal\math\math.vcxproj", "{35AE4533-AEBE-4742-98D9-30F1272649AE}"
EndProject
Project("{8BC9CEB8-8B4A-11D0-8D11-00A0C91BC942}") = "xml", "..\..\library\quetzal\xml\xml.vcxproj", "{3A0E97DE-F090-451F-A1BE-92D44C95F9DA}"
	ProjectSection(ProjectDependencies) = postProject
		{02756409-0BC4-4F9B-AC9C-25E6A33B8592} = {02756409-0BC4-4F9B-AC9C-25E6A33B8592}
	EndProjectSection
EndProject
Project("{8BC9CEB8-8B4A-11D0-8D11-00A0C91BC942}") = "triangulation", "..\..\library\quetzal\triangulation\triangulation.vcxproj", "{39F6F1C4-D162-44FA-B4D8-0B2C489D7881}"
EndProject
Project("{8BC9CEB8-8B4A-11D0-8D11-00A0C91BC942}") = "svg", "..\..\library\quetzal\svg\svg.vcxproj", "{070747E8-A464-4D3B-888E-E85D81675BB8}"
	ProjectSection(ProjectDependencies) = postProject
		{02756409-0BC4-4F9B-AC9C-25E6A33B8592} = {02756409-0BC4-4F9B-AC9C-25E6A33B8592}
		{35AE4533-AEBE-4742-98D9-30F1272649AE} = {35AE4533-AEBE-4742-98D9-30F1272649AE}
		{3A0E97DE-F090-451F-A1BE-92D44C95F9DA} = {3A0E97DE-F090-451F-A1BE-92D44C95F9DA}
	EndProjectSection
EndProject
Project("{8BC9CEB8-8B4A-11D0-8D11-00A0C91BC942}") = "wavefront_obj", "..\..\library\quetzal\wavefront_obj\wavefront_obj.vcxproj", "{1102EB46-6B14-42FB-A24E-A39E643763F4}"
	ProjectSection(ProjectDependencies) = postProject
		{02756409-0BC4-4F9B-AC9C-25E6A33B8592} = {02756409-0BC4-4F9B-AC9C-25E6A33B8592}
		{35AE4533-AEBE-4742-98D9-30F1272649AE} = {35AE4533-AEBE-4742-98D9-30F1272649AE}
	EndProjectSection
EndProject
Global
	GlobalSection(SolutionConfigurationPlatforms) = preSolution
		Debug|x64 = Debug|x64
		Debug|x86 = Debug|x86
		Release|x64 = Release|x64
		Release|x86 = Release|x86
	EndGlobalSection
	GlobalSection(ProjectConfigurationPlatforms) = postSolution
		{E7EE3EBE-6E63-42EC-86EE-A5F233F6BC6D}.Debug|x64.ActiveCfg = Debug|x64
		{E7EE3EBE-6E63-42EC-86EE-A5F233F6BC6D}.Debug|x64.Build.0 = Debug|x64
		{E7EE3EBE-6E63-42EC-86EE-A5F233F6BC6D}.Debug|x86.ActiveCfg = Debug|Win32
		{E7EE3EBE-6E63-42EC-86EE-A5F233F6BC6D}.Debug|x86.Build.0 = Debug|Win32
		{E7EE3EBE-6E63-42EC-86EE-A5F233F6BC6D}.Release|x64.ActiveCfg = Release|x64
		{E7EE3EBE-6E63-42EC-86EE-A5F233F6BC6D}.Release|x64.Build.0 = Release|x64
		{E7EE3EBE-6E63-42EC-86EE-A5F233F6BC6D}.Release|x86.ActiveCfg = Release|Win32
		{E7EE3EBE-6E63-42EC-86EE-A5F233F6BC6D}.Release|x86.Build.0 = Release|Win32
		{02756409-0BC4-4F9B-AC9C-25E6A33B8592}.Debug|x64.ActiveCfg = Debug|x64
		{02756409-0BC4-4F9B-AC9C-25E6A33B8592}.Debug|x64.Build.0 = Debug|x64
		{02756409-0BC4-4F9B-AC9C-25E6A33B8592}.Debug|x86.ActiveCfg = Debug|Win32
		{02756409-0BC4-4F9B-AC9C-25E6A33B8592}.Debug|x86.Build.0 = Debug|Win32
		{02756409-0BC4-4F9B-AC9C-25E6A33B8592}.Release|x64.ActiveCfg = Release|x64
		{02756409-0BC4-4F9B-AC9C-25E6A33B8592}.Release|x64.Build.0 = Release|x64
		{02756409-0BC4-4F9B-AC9C-25E6A33B8592}.Release|x86.ActiveCfg = Release|Win32
		{02756409-0BC4-4F9B-AC9C-25E6A33B8592}.Release|x86.Build.0 = Release|Win32
		{90D3A788-052F-4F22-8D69-E756DBDFA577}.Debug|x64.ActiveCfg = Debug|x64
		{90D3A788-052F-4F22-8D69-E756DBDFA577}.Debug|x64.Build.0 = Debug|x64
		{90D3A788-052F-4F22-8D69-E756DBDFA577}.Debug|x86.ActiveCfg = Debug|Win32
		{90D3A788-052F-4F22-8D69-E756DBDFA577}.Debug|x86.Build.0 = Debug|Win32
		{90D3A788-052F-4F22-8D69-E756DBDFA577}.Release|x64.ActiveCfg = Release|x64
		{90D3A788-052F-4F22-8D69-E756DBDFA577}.Release|x64.Build.0 = Release|x64
		{90D3A788-052F-4F22-8D69-E756DBDFA577}.Release|x86.ActiveCfg = Release|Win32
		{90D3A788-052F-4F22-8D69-E756DBDFA577}.Release|x86.Build.0 = Release|Win32
		{AE597C7B-BF6A-4293-99DB-79D8BF7A9451}.Debug|x64.ActiveCfg = Debug|x64
		{AE597C7B-BF6A-4293-99DB-79D8BF7A9451}.Debug|x64.Build.0 = Debug|x64
		{AE597C7B-BF6A-4293-99DB-79D8BF7A9451}.Debug|x86.ActiveCfg = Debug|Win32
		{AE597C7B-BF6A-4293-99DB-79D8BF7A9451}.Debug|x86.Build.0 = Debug|Win32
		{AE597C7B-BF6A-4293-99DB-79D8BF7A9451}.Release|x64.ActiveCfg = Release|x64
		{AE597C7B-BF6A-4293-99DB-79D8BF7A9451}.Release|x64.Build.0 = Release|x64
		{AE597C7B-BF6A-4293-99DB-79D8BF7A9451}.Release|x86.ActiveCfg = Release|Win32
		{AE597C7B-BF6A-4293-99DB-79D8BF7A9451}.Release|x86.Build.0 = Release|Win32
		{579C841A-0E45-409A-B443-AAF0C11F05AD}.Debug|x64.ActiveCfg = Debug|x64
		{579C841A-0E45-409A-B443-AAF0C11F05AD}.Debug|x64.Build.0 = Debug|x64
		{579C841A-0E45-409A-B443-AAF0C11F05AD}.Debug|x86.ActiveCfg = Debug|Win32
		{579C841A-0E45-409A-B443-AAF0C11F05AD}.Debug|x86.Build.0 = Debug|Win32
		{579C841A-0E45-409A-B443-AAF0C11F05AD}.Release|x64.ActiveCfg = Release|x64
		{579C841A-0E45-409A-B443-AAF0C11F05AD}.Release|x64.Build.0 = Release|x64
		{579C841A-0E45-409A-B443-AAF0C11F05AD}.Release|x86.ActiveCfg = Release|Win32
		{579C841A-0E45-409A-B443-AAF0C11F05AD}.Release|x86.Build.0 = Release|Win32
		{35AE4533-AEBE-4742-98D9-30F1272649AE}.Debug|x64.ActiveCfg = Debug|x64
		{35AE4533-AEBE-4742-98D9-30F1272649AE}.Debug|x64.Build.0 = Debug|x64
		{35AE4533-AEBE-4742-98D9-30F1272649AE}.Debug|x86.ActiveCfg = Debug|Win32
		{35AE4533-AEBE-4742-98D9-30F1272649AE}.Debug|x86.Build.0 = Debug|Win32
		{35AE4533-AEBE-4742-98D9-30F1272649AE}.Release|x64.ActiveCfg = Release|x64
		{35AE4533-AEBE-4742-98D9-30F1272649AE}.Release|x64.Build.0 = Release|x64
		{35AE4533-AEBE-4742-98D9-30F1272649AE}.Release|x86.ActiveCfg = Release|Win32
		{35AE4533-AEBE-4742-98D9-30F1272649AE}.Release|x86.Build.0 = Release|Win32
		{3A0E97DE-F090-451F-A1BE-92D44C95F9DA}.Debug|x64.ActiveCfg = Debug|x64
		{3A0E97DE-F090-451F-A1BE-92D44C95F9DA}.Debug|x64.Build.0 = Debug|x64
		{3A0E97DE-F090-451F-A1BE-92D44C95F9DA}.Debug|x86.ActiveCfg = Debug|Win32
		{3A0E97DE-F090-451F-A1BE-92D44C95F9DA}.Debug|x86.Build.0 = Debug|Win32
		{3A0E97DE-F090-451F-A1BE-92D44C95F9DA}.Release|x64.ActiveCfg = Release|x64
		{3A0E97DE-F090-451F-A1BE-92D44C95F9DA}.Release|x64.Build.0 = Release|x64
		{3A0E97DE-F090-451F-A1BE-92D44C95F9DA}.Release|x86.ActiveCfg = Release|Win32
		{3A0E97DE-F090-451F-A1BE-92D44C95F9DA}.Release|x86.Build.0 = Release|Win32
		{39F6F1C4-D162-44FA-B4D8-0B2C489D7881}.Debug|x64.ActiveCfg = Debug|x64
		{39F6F1C4-D162-44FA-B4D8-0B2C489D7881}.Debug|x64.Build.0 = Debug|x64
		{39F6F1C4-D162-44FA-B4D8-0B2C489D7881}.Debug|x86.ActiveCfg = Debug|Win32
		{39F6F1C4-D162-44FA-B4D8-0B2C489D7881}.Debug|x86.Build.0 = Debug|Win32
		{39F6F1C4-D162-44FA-B4D8-0B2C489D7881}.Release|x64.ActiveCfg = Release|x64
		{39F6F1C4-D162-44FA-B4D8-0B2C489D7881}.Release|x64.Build.0 = Release|x64
		{39F6F1C4-D162-44FA-B4D8-0B2C489D7881}.Release|x86.ActiveCfg = Release|Win32
		{39F6F1C4-D162-44FA-B4D8-0B2C489D7881}.Release|x86.Build.0 = Release|Win32
		{070747E8-A464-4D3B-888E-E85D81675BB8}.Debug|x64.ActiveCfg = Debug|x64
		{070747E8-A464-4D3B-888E-E85D81675BB8}.Debug|x64.Build.0 = Debug|x64
		{070747E8-A464-4D3B-888E-E85D81675BB8}.Debug|x86.ActiveCfg = Debug|Win32
		{070747E8-A464-4D3B-888E-E85D81675BB8}.Debug|x86.Build.0 = Debug|Win32
		{070747E8-A464-4D3B-888E-E85D81675BB8}.Release|x64.ActiveCfg = Release|x64
		{070747E8-A464-4D3B-888E-E85D81675BB8}.Release|x64.Build.0 = Release|x64
		{070747E8-A464-4D3B-888E-E85D81675BB8}.Release|x86.ActiveCfg = Release|Win32
		{070747E8-A464-4D3B-888E-E85D81675BB8}.Release|x86.Build.0 = Release|Win32
		{1102EB46-6B14-42FB-A24E-A39E643763F4}.Debug|x64.ActiveCfg = Debug|x64
		{1102EB46-6B14-42FB-A24E-A39E643763F4}.Debug|x64.Build.0 = Debug|x64
		{1102EB46-6B14-42FB-A24E-A39E643763F4}.Debug|x86.ActiveCfg = Debug|Win32
		{1102EB46-6B14-42FB-A24E-A39E643763F4}.Debug|x86.Build.0 = Debug|Win32
		{1102EB46-6B14-42FB-A24E-A39E643763F4}.Release|x64.ActiveCfg = Release|x64
		{1102EB46-6B14-42FB-A24E-A39E643763F4}.Release|x64.Build.0 = Release|x64
		{1102EB46-6B14-42FB-A24E-A39E643763F4}.Release|x86.ActiveCfg = Release|Win32
		{1102EB46-6B14-42FB-A24E-A39E643763F4}.Release|x86.Build.0 = Release|Win32
	EndGlobalSection
	GlobalSection(SolutionProperties) = preSolution
		HideSolutionNode = FALSE
	EndGlobalSection
	GlobalSection(ExtensibilityGlobals) = postSolution
		SolutionGuid = {EEF2A327-EA58-4599-BFD3-CB4DC7117696}
	EndGlobalSection
EndGlobal
